
Microsoft Visual Studio Solution File, Format Version 12.00
# Visual Studio Version 16
VisualStudioVersion = 16.0.30611.23
MinimumVisualStudioVersion = 10.0.40219.1
Project("{FAE04EC0-301F-11D3-BF4B-00C04F79EFBC}") = "ClientGUI", "ClientGUI.csproj", "{1B824B8D-900B-4DA0-810D-3D668DF17660}"
EndProject
Global
	GlobalSection(SolutionConfigurationPlatforms) = preSolution
		Debug|Any CPU = Debug|Any CPU
		Release|Any CPU = Release|Any CPU
	EndGlobalSection
	GlobalSection(ProjectConfigurationPlatforms) = postSolution
		{1B824B8D-900B-4DA0-810D-3D668DF17660}.Debug|Any CPU.ActiveCfg = Debug|Any CPU
		{1B824B8D-900B-4DA0-810D-3D668DF17660}.Debug|Any CPU.Build.0 = Debug|Any CPU
		{1B824B8D-900B-4DA0-810D-3D668DF17660}.Release|Any CPU.ActiveCfg = Release|Any CPU
		{1B824B8D-900B-4DA0-810D-3D668DF17660}.Release|Any CPU.Build.0 = Release|Any CPU
	EndGlobalSection
	GlobalSection(SolutionProperties) = preSolution
		HideSolutionNode = FALSE
	EndGlobalSection
	GlobalSection(ExtensibilityGlobals) = postSolution
		SolutionGuid = {482DD054-3A5E-42A0-A941-E45D0E039096}
	EndGlobalSection
EndGlobal
